// !$*UTF8*$!
{
	archiveVersion = 1;
	classes = {
	};
	objectVersion = 56;
	objects = {

/* Begin PBXBuildFile section */
		C00C0EDE29EA881A002C4D14 /* LoginNicknameBottomSheetViewController.swift in Sources */ = {isa = PBXBuildFile; fileRef = C00C0EDD29EA881A002C4D14 /* LoginNicknameBottomSheetViewController.swift */; };
		C00C0EE029EA9294002C4D14 /* CGFloat+.swift in Sources */ = {isa = PBXBuildFile; fileRef = C00C0EDF29EA9294002C4D14 /* CGFloat+.swift */; };
		C00C0EE329EA9302002C4D14 /* TvingBottomSheet.swift in Sources */ = {isa = PBXBuildFile; fileRef = C00C0EE229EA9302002C4D14 /* TvingBottomSheet.swift */; };
		C00C0EE529EAA016002C4D14 /* UIViewController+.swift in Sources */ = {isa = PBXBuildFile; fileRef = C00C0EE429EAA016002C4D14 /* UIViewController+.swift */; };
		C09E96D92A014FE600475DDC /* RealTimeViewController.swift in Sources */ = {isa = PBXBuildFile; fileRef = C09E96D82A014FE600475DDC /* RealTimeViewController.swift */; };
		C09E96DB2A014FFC00475DDC /* TotalViewController.swift in Sources */ = {isa = PBXBuildFile; fileRef = C09E96DA2A014FFC00475DDC /* TotalViewController.swift */; };
		C09E96DD2A01500B00475DDC /* TvProgramViewController.swift in Sources */ = {isa = PBXBuildFile; fileRef = C09E96DC2A01500B00475DDC /* TvProgramViewController.swift */; };
		C09E96DF2A01501600475DDC /* MovieViewController.swift in Sources */ = {isa = PBXBuildFile; fileRef = C09E96DE2A01501600475DDC /* MovieViewController.swift */; };
		C09E96E12A01502200475DDC /* ParamountViewController.swift in Sources */ = {isa = PBXBuildFile; fileRef = C09E96E02A01502200475DDC /* ParamountViewController.swift */; };
		C09E96E32A01503400475DDC /* KidViewController.swift in Sources */ = {isa = PBXBuildFile; fileRef = C09E96E22A01503400475DDC /* KidViewController.swift */; };
		C09E96E62A015A6F00475DDC /* TvingMenuBar.swift in Sources */ = {isa = PBXBuildFile; fileRef = C09E96E52A015A6F00475DDC /* TvingMenuBar.swift */; };
		C09E96E82A015A9200475DDC /* MenuItemDelegate.swift in Sources */ = {isa = PBXBuildFile; fileRef = C09E96E72A015A9200475DDC /* MenuItemDelegate.swift */; };
		C09E96EA2A015C0400475DDC /* TvingMenuCollectionViewCell.swift in Sources */ = {isa = PBXBuildFile; fileRef = C09E96E92A015C0400475DDC /* TvingMenuCollectionViewCell.swift */; };
		C09E96EE2A017A4C00475DDC /* MenuPageType.swift in Sources */ = {isa = PBXBuildFile; fileRef = C09E96ED2A017A4C00475DDC /* MenuPageType.swift */; };
		C09E96F02A017A6B00475DDC /* TypeAlias.swift in Sources */ = {isa = PBXBuildFile; fileRef = C09E96EF2A017A6B00475DDC /* TypeAlias.swift */; };
		C09E96F22A017AAF00475DDC /* CarueselPoster.swift in Sources */ = {isa = PBXBuildFile; fileRef = C09E96F12A017AAF00475DDC /* CarueselPoster.swift */; };
		C09E96F62A017B8100475DDC /* VideoInfo.swift in Sources */ = {isa = PBXBuildFile; fileRef = C09E96F52A017B8100475DDC /* VideoInfo.swift */; };
		C09E96F82A017BB800475DDC /* MainViewData.swift in Sources */ = {isa = PBXBuildFile; fileRef = C09E96F72A017BB800475DDC /* MainViewData.swift */; };
		C09E96FA2A017BDB00475DDC /* ListSection.swift in Sources */ = {isa = PBXBuildFile; fileRef = C09E96F92A017BDB00475DDC /* ListSection.swift */; };
		C09E971E2A02B45C00475DDC /* CarouselView.swift in Sources */ = {isa = PBXBuildFile; fileRef = C09E971D2A02B45C00475DDC /* CarouselView.swift */; };
		C09E97222A02B5E900475DDC /* UIScrollView+.swift in Sources */ = {isa = PBXBuildFile; fileRef = C09E97212A02B5E900475DDC /* UIScrollView+.swift */; };
		C09E97242A02B63E00475DDC /* Array+.swift in Sources */ = {isa = PBXBuildFile; fileRef = C09E97232A02B63E00475DDC /* Array+.swift */; };
		C09E97262A02B65600475DDC /* Timer+.swift in Sources */ = {isa = PBXBuildFile; fileRef = C09E97252A02B65600475DDC /* Timer+.swift */; };
		C09E97282A02B68900475DDC /* UICollectionView+.swift in Sources */ = {isa = PBXBuildFile; fileRef = C09E97272A02B68900475DDC /* UICollectionView+.swift */; };
		C09E972C2A02BE6800475DDC /* CaruselCollectionViewCell.swift in Sources */ = {isa = PBXBuildFile; fileRef = C09E972B2A02BE6800475DDC /* CaruselCollectionViewCell.swift */; };
		C09E972F2A02C1FB00475DDC /* FamousLiveChannelCollectionViewCell.swift in Sources */ = {isa = PBXBuildFile; fileRef = C09E972E2A02C1FB00475DDC /* FamousLiveChannelCollectionViewCell.swift */; };
		C09E97312A02C21300475DDC /* MustWatchCollectionViewCell.swift in Sources */ = {isa = PBXBuildFile; fileRef = C09E97302A02C21300475DDC /* MustWatchCollectionViewCell.swift */; };
		C09E97332A02C22C00475DDC /* QuickVODCollectionViewCell.swift in Sources */ = {isa = PBXBuildFile; fileRef = C09E97322A02C22C00475DDC /* QuickVODCollectionViewCell.swift */; };
		C09E97352A02C23E00475DDC /* RankingCollectionViewCell.swift in Sources */ = {isa = PBXBuildFile; fileRef = C09E97342A02C23E00475DDC /* RankingCollectionViewCell.swift */; };
		C09E97372A02C25100475DDC /* WatchingCollectionViewCell.swift in Sources */ = {isa = PBXBuildFile; fileRef = C09E97362A02C25100475DDC /* WatchingCollectionViewCell.swift */; };
		C09E97392A02C26E00475DDC /* CarueslHeaderView.swift in Sources */ = {isa = PBXBuildFile; fileRef = C09E97382A02C26E00475DDC /* CarueslHeaderView.swift */; };
		C09E973B2A02C53500475DDC /* PosterType.swift in Sources */ = {isa = PBXBuildFile; fileRef = C09E973A2A02C53500475DDC /* PosterType.swift */; };
		C0A9FEB329FA285800B89AC7 /* UIControl+.swift in Sources */ = {isa = PBXBuildFile; fileRef = C0A9FEB229FA285800B89AC7 /* UIControl+.swift */; };
		C0A9FEEA29FAAE3900B89AC7 /* MainViewController.swift in Sources */ = {isa = PBXBuildFile; fileRef = C0A9FEE929FAAE3900B89AC7 /* MainViewController.swift */; };
		C0A9FEEE29FAB4B000B89AC7 /* SettingViewController.swift in Sources */ = {isa = PBXBuildFile; fileRef = C0A9FEED29FAB4B000B89AC7 /* SettingViewController.swift */; };
		C0A9FEF129FABD1500B89AC7 /* TableViewCellReuseProtocol.swift in Sources */ = {isa = PBXBuildFile; fileRef = C0A9FEF029FABD1500B89AC7 /* TableViewCellReuseProtocol.swift */; };
		C0A9FEF329FBEB0300B89AC7 /* UILabel+.swift in Sources */ = {isa = PBXBuildFile; fileRef = C0A9FEF229FBEB0300B89AC7 /* UILabel+.swift */; };
		C0A9FEF529FBEF2000B89AC7 /* SettingHeaderView.swift in Sources */ = {isa = PBXBuildFile; fileRef = C0A9FEF429FBEF2000B89AC7 /* SettingHeaderView.swift */; };
		C0A9FEF729FBEF2D00B89AC7 /* SettingFooterView.swift in Sources */ = {isa = PBXBuildFile; fileRef = C0A9FEF629FBEF2D00B89AC7 /* SettingFooterView.swift */; };
		C0A9FEFA29FBF08300B89AC7 /* SettingProfileView.swift in Sources */ = {isa = PBXBuildFile; fileRef = C0A9FEF929FBF08300B89AC7 /* SettingProfileView.swift */; };
		C0E462C129E6F646005CCEC6 /* AppDelegate.swift in Sources */ = {isa = PBXBuildFile; fileRef = C0E462C029E6F646005CCEC6 /* AppDelegate.swift */; };
		C0E462C329E6F646005CCEC6 /* SceneDelegate.swift in Sources */ = {isa = PBXBuildFile; fileRef = C0E462C229E6F646005CCEC6 /* SceneDelegate.swift */; };
		C0E462C529E6F646005CCEC6 /* LoginViewController.swift in Sources */ = {isa = PBXBuildFile; fileRef = C0E462C429E6F646005CCEC6 /* LoginViewController.swift */; };
		C0E462CA29E6F647005CCEC6 /* Assets.xcassets in Resources */ = {isa = PBXBuildFile; fileRef = C0E462C929E6F647005CCEC6 /* Assets.xcassets */; };
		C0E462CD29E6F647005CCEC6 /* LaunchScreen.storyboard in Resources */ = {isa = PBXBuildFile; fileRef = C0E462CB29E6F647005CCEC6 /* LaunchScreen.storyboard */; };
		C0E462EC29E6FB2F005CCEC6 /* Font.swift in Sources */ = {isa = PBXBuildFile; fileRef = C0E462EB29E6FB2F005CCEC6 /* Font.swift */; };
		C0E462EF29E6FC68005CCEC6 /* UIFont+.swift in Sources */ = {isa = PBXBuildFile; fileRef = C0E462EE29E6FC68005CCEC6 /* UIFont+.swift */; };
		C0E462F129E6FD67005CCEC6 /* UIColor+.swift in Sources */ = {isa = PBXBuildFile; fileRef = C0E462F029E6FD66005CCEC6 /* UIColor+.swift */; };
		C0E462F329E6FD7C005CCEC6 /* Palette.swift in Sources */ = {isa = PBXBuildFile; fileRef = C0E462F229E6FD7C005CCEC6 /* Palette.swift */; };
		C0E462F529E7037A005CCEC6 /* CGColor+.swift in Sources */ = {isa = PBXBuildFile; fileRef = C0E462F429E7037A005CCEC6 /* CGColor+.swift */; };
		C0E462F729E703BC005CCEC6 /* UIView+.swift in Sources */ = {isa = PBXBuildFile; fileRef = C0E462F629E703BC005CCEC6 /* UIView+.swift */; };
		C0E462F929E703D9005CCEC6 /* String+.swift in Sources */ = {isa = PBXBuildFile; fileRef = C0E462F829E703D9005CCEC6 /* String+.swift */; };
		C0E462FB29E70400005CCEC6 /* UITextField+.swift in Sources */ = {isa = PBXBuildFile; fileRef = C0E462FA29E70400005CCEC6 /* UITextField+.swift */; };
		C0E462FD29E70418005CCEC6 /* UIbutton+.swift in Sources */ = {isa = PBXBuildFile; fileRef = C0E462FC29E70418005CCEC6 /* UIbutton+.swift */; };
		C0E4630029E7043B005CCEC6 /* SnapKit in Frameworks */ = {isa = PBXBuildFile; productRef = C0E462FF29E7043B005CCEC6 /* SnapKit */; };
		C0E4630829E7CF22005CCEC6 /* TvingTextField.swift in Sources */ = {isa = PBXBuildFile; fileRef = C0E4630729E7CF22005CCEC6 /* TvingTextField.swift */; };
		C0E4630B29E7D087005CCEC6 /* Constant.swift in Sources */ = {isa = PBXBuildFile; fileRef = C0E4630A29E7D087005CCEC6 /* Constant.swift */; };
		C0E4630D29E7D1AC005CCEC6 /* UIImage+.swift in Sources */ = {isa = PBXBuildFile; fileRef = C0E4630C29E7D1AC005CCEC6 /* UIImage+.swift */; };
		C0E4631729E7D5D1005CCEC6 /* Pretendard-SemiBold.ttf in Resources */ = {isa = PBXBuildFile; fileRef = C0E4630E29E7D5D0005CCEC6 /* Pretendard-SemiBold.ttf */; };
		C0E4631929E7D5D1005CCEC6 /* Pretendard-Regular.ttf in Resources */ = {isa = PBXBuildFile; fileRef = C0E4631029E7D5D0005CCEC6 /* Pretendard-Regular.ttf */; };
		C0E4631B29E7D5D1005CCEC6 /* Pretendard-Thin.ttf in Resources */ = {isa = PBXBuildFile; fileRef = C0E4631229E7D5D0005CCEC6 /* Pretendard-Thin.ttf */; };
		C0E4631C29E7D5D1005CCEC6 /* Pretendard-ExtraLight.ttf in Resources */ = {isa = PBXBuildFile; fileRef = C0E4631329E7D5D0005CCEC6 /* Pretendard-ExtraLight.ttf */; };
		C0E4631D29E7D5D1005CCEC6 /* Pretendard-Medium.ttf in Resources */ = {isa = PBXBuildFile; fileRef = C0E4631429E7D5D0005CCEC6 /* Pretendard-Medium.ttf */; };
		C0E4631E29E7D5D1005CCEC6 /* Pretendard-Light.ttf in Resources */ = {isa = PBXBuildFile; fileRef = C0E4631529E7D5D1005CCEC6 /* Pretendard-Light.ttf */; };
		C0E4631F29E7D5D1005CCEC6 /* Pretendard-Bold.ttf in Resources */ = {isa = PBXBuildFile; fileRef = C0E4631629E7D5D1005CCEC6 /* Pretendard-Bold.ttf */; };
		C0E4632129E80056005CCEC6 /* LoginSettingView.swift in Sources */ = {isa = PBXBuildFile; fileRef = C0E4632029E80056005CCEC6 /* LoginSettingView.swift */; };
		C0E4632329E8081C005CCEC6 /* LoginCompletedViewController.swift in Sources */ = {isa = PBXBuildFile; fileRef = C0E4632229E8081C005CCEC6 /* LoginCompletedViewController.swift */; };
		C0E4632629E80D28005CCEC6 /* TvingRectangleButton.swift in Sources */ = {isa = PBXBuildFile; fileRef = C0E4632529E80D28005CCEC6 /* TvingRectangleButton.swift */; };
		C0E4632929E80F00005CCEC6 /* TvingLabel.swift in Sources */ = {isa = PBXBuildFile; fileRef = C0E4632829E80F00005CCEC6 /* TvingLabel.swift */; };
		C0E4632E29E814E3005CCEC6 /* TvingImageView.swift in Sources */ = {isa = PBXBuildFile; fileRef = C0E4632D29E814E2005CCEC6 /* TvingImageView.swift */; };
/* End PBXBuildFile section */

/* Begin PBXFileReference section */
		C00C0EDD29EA881A002C4D14 /* LoginNicknameBottomSheetViewController.swift */ = {isa = PBXFileReference; lastKnownFileType = sourcecode.swift; path = LoginNicknameBottomSheetViewController.swift; sourceTree = "<group>"; };
		C00C0EDF29EA9294002C4D14 /* CGFloat+.swift */ = {isa = PBXFileReference; lastKnownFileType = sourcecode.swift; path = "CGFloat+.swift"; sourceTree = "<group>"; };
		C00C0EE229EA9302002C4D14 /* TvingBottomSheet.swift */ = {isa = PBXFileReference; lastKnownFileType = sourcecode.swift; path = TvingBottomSheet.swift; sourceTree = "<group>"; };
		C00C0EE429EAA016002C4D14 /* UIViewController+.swift */ = {isa = PBXFileReference; lastKnownFileType = sourcecode.swift; path = "UIViewController+.swift"; sourceTree = "<group>"; };
		C09E96D82A014FE600475DDC /* RealTimeViewController.swift */ = {isa = PBXFileReference; lastKnownFileType = sourcecode.swift; path = RealTimeViewController.swift; sourceTree = "<group>"; };
		C09E96DA2A014FFC00475DDC /* TotalViewController.swift */ = {isa = PBXFileReference; lastKnownFileType = sourcecode.swift; path = TotalViewController.swift; sourceTree = "<group>"; };
		C09E96DC2A01500B00475DDC /* TvProgramViewController.swift */ = {isa = PBXFileReference; lastKnownFileType = sourcecode.swift; path = TvProgramViewController.swift; sourceTree = "<group>"; };
		C09E96DE2A01501600475DDC /* MovieViewController.swift */ = {isa = PBXFileReference; lastKnownFileType = sourcecode.swift; path = MovieViewController.swift; sourceTree = "<group>"; };
		C09E96E02A01502200475DDC /* ParamountViewController.swift */ = {isa = PBXFileReference; lastKnownFileType = sourcecode.swift; path = ParamountViewController.swift; sourceTree = "<group>"; };
		C09E96E22A01503400475DDC /* KidViewController.swift */ = {isa = PBXFileReference; lastKnownFileType = sourcecode.swift; path = KidViewController.swift; sourceTree = "<group>"; };
		C09E96E52A015A6F00475DDC /* TvingMenuBar.swift */ = {isa = PBXFileReference; lastKnownFileType = sourcecode.swift; path = TvingMenuBar.swift; sourceTree = "<group>"; };
		C09E96E72A015A9200475DDC /* MenuItemDelegate.swift */ = {isa = PBXFileReference; lastKnownFileType = sourcecode.swift; path = MenuItemDelegate.swift; sourceTree = "<group>"; };
		C09E96E92A015C0400475DDC /* TvingMenuCollectionViewCell.swift */ = {isa = PBXFileReference; lastKnownFileType = sourcecode.swift; path = TvingMenuCollectionViewCell.swift; sourceTree = "<group>"; };
		C09E96ED2A017A4C00475DDC /* MenuPageType.swift */ = {isa = PBXFileReference; lastKnownFileType = sourcecode.swift; path = MenuPageType.swift; sourceTree = "<group>"; };
		C09E96EF2A017A6B00475DDC /* TypeAlias.swift */ = {isa = PBXFileReference; lastKnownFileType = sourcecode.swift; path = TypeAlias.swift; sourceTree = "<group>"; };
		C09E96F12A017AAF00475DDC /* CarueselPoster.swift */ = {isa = PBXFileReference; lastKnownFileType = sourcecode.swift; path = CarueselPoster.swift; sourceTree = "<group>"; };
		C09E96F52A017B8100475DDC /* VideoInfo.swift */ = {isa = PBXFileReference; lastKnownFileType = sourcecode.swift; path = VideoInfo.swift; sourceTree = "<group>"; };
		C09E96F72A017BB800475DDC /* MainViewData.swift */ = {isa = PBXFileReference; lastKnownFileType = sourcecode.swift; path = MainViewData.swift; sourceTree = "<group>"; };
		C09E96F92A017BDB00475DDC /* ListSection.swift */ = {isa = PBXFileReference; lastKnownFileType = sourcecode.swift; path = ListSection.swift; sourceTree = "<group>"; };
		C09E971D2A02B45C00475DDC /* CarouselView.swift */ = {isa = PBXFileReference; lastKnownFileType = sourcecode.swift; path = CarouselView.swift; sourceTree = "<group>"; };
		C09E97212A02B5E900475DDC /* UIScrollView+.swift */ = {isa = PBXFileReference; lastKnownFileType = sourcecode.swift; path = "UIScrollView+.swift"; sourceTree = "<group>"; };
		C09E97232A02B63E00475DDC /* Array+.swift */ = {isa = PBXFileReference; lastKnownFileType = sourcecode.swift; path = "Array+.swift"; sourceTree = "<group>"; };
		C09E97252A02B65600475DDC /* Timer+.swift */ = {isa = PBXFileReference; lastKnownFileType = sourcecode.swift; path = "Timer+.swift"; sourceTree = "<group>"; };
		C09E97272A02B68900475DDC /* UICollectionView+.swift */ = {isa = PBXFileReference; lastKnownFileType = sourcecode.swift; path = "UICollectionView+.swift"; sourceTree = "<group>"; };
		C09E972B2A02BE6800475DDC /* CaruselCollectionViewCell.swift */ = {isa = PBXFileReference; lastKnownFileType = sourcecode.swift; path = CaruselCollectionViewCell.swift; sourceTree = "<group>"; };
		C09E972E2A02C1FB00475DDC /* FamousLiveChannelCollectionViewCell.swift */ = {isa = PBXFileReference; lastKnownFileType = sourcecode.swift; path = FamousLiveChannelCollectionViewCell.swift; sourceTree = "<group>"; };
		C09E97302A02C21300475DDC /* MustWatchCollectionViewCell.swift */ = {isa = PBXFileReference; lastKnownFileType = sourcecode.swift; path = MustWatchCollectionViewCell.swift; sourceTree = "<group>"; };
		C09E97322A02C22C00475DDC /* QuickVODCollectionViewCell.swift */ = {isa = PBXFileReference; lastKnownFileType = sourcecode.swift; path = QuickVODCollectionViewCell.swift; sourceTree = "<group>"; };
		C09E97342A02C23E00475DDC /* RankingCollectionViewCell.swift */ = {isa = PBXFileReference; lastKnownFileType = sourcecode.swift; path = RankingCollectionViewCell.swift; sourceTree = "<group>"; };
		C09E97362A02C25100475DDC /* WatchingCollectionViewCell.swift */ = {isa = PBXFileReference; lastKnownFileType = sourcecode.swift; path = WatchingCollectionViewCell.swift; sourceTree = "<group>"; };
		C09E97382A02C26E00475DDC /* CarueslHeaderView.swift */ = {isa = PBXFileReference; lastKnownFileType = sourcecode.swift; path = CarueslHeaderView.swift; sourceTree = "<group>"; };
		C09E973A2A02C53500475DDC /* PosterType.swift */ = {isa = PBXFileReference; lastKnownFileType = sourcecode.swift; path = PosterType.swift; sourceTree = "<group>"; };
		C0A9FEB229FA285800B89AC7 /* UIControl+.swift */ = {isa = PBXFileReference; lastKnownFileType = sourcecode.swift; path = "UIControl+.swift"; sourceTree = "<group>"; };
		C0A9FEE929FAAE3900B89AC7 /* MainViewController.swift */ = {isa = PBXFileReference; lastKnownFileType = sourcecode.swift; path = MainViewController.swift; sourceTree = "<group>"; };
		C0A9FEED29FAB4B000B89AC7 /* SettingViewController.swift */ = {isa = PBXFileReference; lastKnownFileType = sourcecode.swift; path = SettingViewController.swift; sourceTree = "<group>"; };
		C0A9FEF029FABD1500B89AC7 /* TableViewCellReuseProtocol.swift */ = {isa = PBXFileReference; lastKnownFileType = sourcecode.swift; path = TableViewCellReuseProtocol.swift; sourceTree = "<group>"; };
		C0A9FEF229FBEB0300B89AC7 /* UILabel+.swift */ = {isa = PBXFileReference; lastKnownFileType = sourcecode.swift; path = "UILabel+.swift"; sourceTree = "<group>"; };
		C0A9FEF429FBEF2000B89AC7 /* SettingHeaderView.swift */ = {isa = PBXFileReference; lastKnownFileType = sourcecode.swift; path = SettingHeaderView.swift; sourceTree = "<group>"; };
		C0A9FEF629FBEF2D00B89AC7 /* SettingFooterView.swift */ = {isa = PBXFileReference; lastKnownFileType = sourcecode.swift; path = SettingFooterView.swift; sourceTree = "<group>"; };
		C0A9FEF929FBF08300B89AC7 /* SettingProfileView.swift */ = {isa = PBXFileReference; lastKnownFileType = sourcecode.swift; path = SettingProfileView.swift; sourceTree = "<group>"; };
		C0E462BD29E6F646005CCEC6 /* TvingCloneCoding.app */ = {isa = PBXFileReference; explicitFileType = wrapper.application; includeInIndex = 0; path = TvingCloneCoding.app; sourceTree = BUILT_PRODUCTS_DIR; };
		C0E462C029E6F646005CCEC6 /* AppDelegate.swift */ = {isa = PBXFileReference; lastKnownFileType = sourcecode.swift; path = AppDelegate.swift; sourceTree = "<group>"; };
		C0E462C229E6F646005CCEC6 /* SceneDelegate.swift */ = {isa = PBXFileReference; lastKnownFileType = sourcecode.swift; path = SceneDelegate.swift; sourceTree = "<group>"; };
		C0E462C429E6F646005CCEC6 /* LoginViewController.swift */ = {isa = PBXFileReference; lastKnownFileType = sourcecode.swift; path = LoginViewController.swift; sourceTree = "<group>"; };
		C0E462C929E6F647005CCEC6 /* Assets.xcassets */ = {isa = PBXFileReference; lastKnownFileType = folder.assetcatalog; path = Assets.xcassets; sourceTree = "<group>"; };
		C0E462CC29E6F647005CCEC6 /* Base */ = {isa = PBXFileReference; lastKnownFileType = file.storyboard; name = Base; path = Base.lproj/LaunchScreen.storyboard; sourceTree = "<group>"; };
		C0E462CE29E6F647005CCEC6 /* Info.plist */ = {isa = PBXFileReference; lastKnownFileType = text.plist.xml; path = Info.plist; sourceTree = "<group>"; };
		C0E462EB29E6FB2F005CCEC6 /* Font.swift */ = {isa = PBXFileReference; lastKnownFileType = sourcecode.swift; path = Font.swift; sourceTree = "<group>"; };
		C0E462EE29E6FC68005CCEC6 /* UIFont+.swift */ = {isa = PBXFileReference; lastKnownFileType = sourcecode.swift; path = "UIFont+.swift"; sourceTree = "<group>"; };
		C0E462F029E6FD66005CCEC6 /* UIColor+.swift */ = {isa = PBXFileReference; lastKnownFileType = sourcecode.swift; path = "UIColor+.swift"; sourceTree = "<group>"; };
		C0E462F229E6FD7C005CCEC6 /* Palette.swift */ = {isa = PBXFileReference; lastKnownFileType = sourcecode.swift; path = Palette.swift; sourceTree = "<group>"; };
		C0E462F429E7037A005CCEC6 /* CGColor+.swift */ = {isa = PBXFileReference; lastKnownFileType = sourcecode.swift; path = "CGColor+.swift"; sourceTree = "<group>"; };
		C0E462F629E703BC005CCEC6 /* UIView+.swift */ = {isa = PBXFileReference; lastKnownFileType = sourcecode.swift; path = "UIView+.swift"; sourceTree = "<group>"; };
		C0E462F829E703D9005CCEC6 /* String+.swift */ = {isa = PBXFileReference; lastKnownFileType = sourcecode.swift; path = "String+.swift"; sourceTree = "<group>"; };
		C0E462FA29E70400005CCEC6 /* UITextField+.swift */ = {isa = PBXFileReference; lastKnownFileType = sourcecode.swift; path = "UITextField+.swift"; sourceTree = "<group>"; };
		C0E462FC29E70418005CCEC6 /* UIbutton+.swift */ = {isa = PBXFileReference; lastKnownFileType = sourcecode.swift; path = "UIbutton+.swift"; sourceTree = "<group>"; };
		C0E4630729E7CF22005CCEC6 /* TvingTextField.swift */ = {isa = PBXFileReference; lastKnownFileType = sourcecode.swift; path = TvingTextField.swift; sourceTree = "<group>"; };
		C0E4630A29E7D087005CCEC6 /* Constant.swift */ = {isa = PBXFileReference; lastKnownFileType = sourcecode.swift; path = Constant.swift; sourceTree = "<group>"; };
		C0E4630C29E7D1AC005CCEC6 /* UIImage+.swift */ = {isa = PBXFileReference; lastKnownFileType = sourcecode.swift; path = "UIImage+.swift"; sourceTree = "<group>"; };
		C0E4630E29E7D5D0005CCEC6 /* Pretendard-SemiBold.ttf */ = {isa = PBXFileReference; lastKnownFileType = file; path = "Pretendard-SemiBold.ttf"; sourceTree = "<group>"; };
		C0E4631029E7D5D0005CCEC6 /* Pretendard-Regular.ttf */ = {isa = PBXFileReference; lastKnownFileType = file; path = "Pretendard-Regular.ttf"; sourceTree = "<group>"; };
		C0E4631229E7D5D0005CCEC6 /* Pretendard-Thin.ttf */ = {isa = PBXFileReference; lastKnownFileType = file; path = "Pretendard-Thin.ttf"; sourceTree = "<group>"; };
		C0E4631329E7D5D0005CCEC6 /* Pretendard-ExtraLight.ttf */ = {isa = PBXFileReference; lastKnownFileType = file; path = "Pretendard-ExtraLight.ttf"; sourceTree = "<group>"; };
		C0E4631429E7D5D0005CCEC6 /* Pretendard-Medium.ttf */ = {isa = PBXFileReference; lastKnownFileType = file; path = "Pretendard-Medium.ttf"; sourceTree = "<group>"; };
		C0E4631529E7D5D1005CCEC6 /* Pretendard-Light.ttf */ = {isa = PBXFileReference; lastKnownFileType = file; path = "Pretendard-Light.ttf"; sourceTree = "<group>"; };
		C0E4631629E7D5D1005CCEC6 /* Pretendard-Bold.ttf */ = {isa = PBXFileReference; lastKnownFileType = file; path = "Pretendard-Bold.ttf"; sourceTree = "<group>"; };
		C0E4632029E80056005CCEC6 /* LoginSettingView.swift */ = {isa = PBXFileReference; lastKnownFileType = sourcecode.swift; path = LoginSettingView.swift; sourceTree = "<group>"; };
		C0E4632229E8081C005CCEC6 /* LoginCompletedViewController.swift */ = {isa = PBXFileReference; lastKnownFileType = sourcecode.swift; path = LoginCompletedViewController.swift; sourceTree = "<group>"; };
		C0E4632529E80D28005CCEC6 /* TvingRectangleButton.swift */ = {isa = PBXFileReference; lastKnownFileType = sourcecode.swift; path = TvingRectangleButton.swift; sourceTree = "<group>"; };
		C0E4632829E80F00005CCEC6 /* TvingLabel.swift */ = {isa = PBXFileReference; lastKnownFileType = sourcecode.swift; path = TvingLabel.swift; sourceTree = "<group>"; };
		C0E4632D29E814E2005CCEC6 /* TvingImageView.swift */ = {isa = PBXFileReference; lastKnownFileType = sourcecode.swift; path = TvingImageView.swift; sourceTree = "<group>"; };
/* End PBXFileReference section */

/* Begin PBXFrameworksBuildPhase section */
		C0E462BA29E6F646005CCEC6 /* Frameworks */ = {
			isa = PBXFrameworksBuildPhase;
			buildActionMask = 2147483647;
			files = (
				C0E4630029E7043B005CCEC6 /* SnapKit in Frameworks */,
			);
			runOnlyForDeploymentPostprocessing = 0;
		};
/* End PBXFrameworksBuildPhase section */

/* Begin PBXGroup section */
		C00C0EE129EA92E9002C4D14 /* BottomSheet */ = {
			isa = PBXGroup;
			children = (
				C00C0EE229EA9302002C4D14 /* TvingBottomSheet.swift */,
			);
			path = BottomSheet;
			sourceTree = "<group>";
		};
		C09E96D72A014FCE00475DDC /* MainPages */ = {
			isa = PBXGroup;
			children = (
				C09E96D82A014FE600475DDC /* RealTimeViewController.swift */,
				C09E96DA2A014FFC00475DDC /* TotalViewController.swift */,
				C09E96DC2A01500B00475DDC /* TvProgramViewController.swift */,
				C09E96DE2A01501600475DDC /* MovieViewController.swift */,
				C09E96E02A01502200475DDC /* ParamountViewController.swift */,
				C09E96E22A01503400475DDC /* KidViewController.swift */,
			);
			path = MainPages;
			sourceTree = "<group>";
		};
		C09E96E42A015A5A00475DDC /* Menu */ = {
			isa = PBXGroup;
			children = (
				C09E96E52A015A6F00475DDC /* TvingMenuBar.swift */,
				C09E96E92A015C0400475DDC /* TvingMenuCollectionViewCell.swift */,
			);
			path = Menu;
			sourceTree = "<group>";
		};
		C09E96EB2A0179AE00475DDC /* Data */ = {
			isa = PBXGroup;
			children = (
				C09E96F72A017BB800475DDC /* MainViewData.swift */,
			);
			path = Data;
			sourceTree = "<group>";
		};
		C09E96EC2A017A3300475DDC /* Model */ = {
			isa = PBXGroup;
			children = (
				C09E96F12A017AAF00475DDC /* CarueselPoster.swift */,
				C09E96F52A017B8100475DDC /* VideoInfo.swift */,
			);
			path = Model;
			sourceTree = "<group>";
		};
		C09E96FB2A017BEB00475DDC /* Enum */ = {
			isa = PBXGroup;
			children = (
				C09E96F92A017BDB00475DDC /* ListSection.swift */,
				C09E96ED2A017A4C00475DDC /* MenuPageType.swift */,
				C09E973A2A02C53500475DDC /* PosterType.swift */,
			);
			path = Enum;
			sourceTree = "<group>";
		};
		C09E971C2A02B43300475DDC /* CaruselView */ = {
			isa = PBXGroup;
			children = (
				C09E971D2A02B45C00475DDC /* CarouselView.swift */,
				C09E972B2A02BE6800475DDC /* CaruselCollectionViewCell.swift */,
				C09E97382A02C26E00475DDC /* CarueslHeaderView.swift */,
			);
			path = CaruselView;
			sourceTree = "<group>";
		};
		C09E972D2A02C1ED00475DDC /* Cell */ = {
			isa = PBXGroup;
			children = (
				C09E972E2A02C1FB00475DDC /* FamousLiveChannelCollectionViewCell.swift */,
				C09E97302A02C21300475DDC /* MustWatchCollectionViewCell.swift */,
				C09E97322A02C22C00475DDC /* QuickVODCollectionViewCell.swift */,
				C09E97342A02C23E00475DDC /* RankingCollectionViewCell.swift */,
				C09E97362A02C25100475DDC /* WatchingCollectionViewCell.swift */,
			);
			path = Cell;
			sourceTree = "<group>";
		};
		C0A9FEB429FA2A4200B89AC7 /* Setting */ = {
			isa = PBXGroup;
			children = (
				C0A9FEE829FAAE2500B89AC7 /* ViewController */,
				C0A9FEE729FAAE2100B89AC7 /* View */,
			);
			path = Setting;
			sourceTree = "<group>";
		};
		C0A9FEE429FAAE0F00B89AC7 /* Home */ = {
			isa = PBXGroup;
			children = (
				C0A9FEE629FAAE1B00B89AC7 /* ViewController */,
				C0A9FEE529FAAE1500B89AC7 /* View */,
			);
			path = Home;
			sourceTree = "<group>";
		};
		C0A9FEE529FAAE1500B89AC7 /* View */ = {
			isa = PBXGroup;
			children = (
				C09E972D2A02C1ED00475DDC /* Cell */,
				C09E971C2A02B43300475DDC /* CaruselView */,
			);
			path = View;
			sourceTree = "<group>";
		};
		C0A9FEE629FAAE1B00B89AC7 /* ViewController */ = {
			isa = PBXGroup;
			children = (
				C09E96D72A014FCE00475DDC /* MainPages */,
				C0A9FEE929FAAE3900B89AC7 /* MainViewController.swift */,
			);
			path = ViewController;
			sourceTree = "<group>";
		};
		C0A9FEE729FAAE2100B89AC7 /* View */ = {
			isa = PBXGroup;
			children = (
				C0A9FEF829FBF06C00B89AC7 /* SubViews */,
				C0A9FEF429FBEF2000B89AC7 /* SettingHeaderView.swift */,
				C0A9FEF629FBEF2D00B89AC7 /* SettingFooterView.swift */,
			);
			path = View;
			sourceTree = "<group>";
		};
		C0A9FEE829FAAE2500B89AC7 /* ViewController */ = {
			isa = PBXGroup;
			children = (
				C0A9FEED29FAB4B000B89AC7 /* SettingViewController.swift */,
			);
			path = ViewController;
			sourceTree = "<group>";
		};
		C0A9FEEF29FABCCF00B89AC7 /* Protocol */ = {
			isa = PBXGroup;
			children = (
				C0A9FEF029FABD1500B89AC7 /* TableViewCellReuseProtocol.swift */,
				C09E96E72A015A9200475DDC /* MenuItemDelegate.swift */,
			);
			path = Protocol;
			sourceTree = "<group>";
		};
		C0A9FEF829FBF06C00B89AC7 /* SubViews */ = {
			isa = PBXGroup;
			children = (
				C0A9FEF929FBF08300B89AC7 /* SettingProfileView.swift */,
			);
			path = SubViews;
			sourceTree = "<group>";
		};
		C0E462B429E6F646005CCEC6 = {
			isa = PBXGroup;
			children = (
				C0E462BF29E6F646005CCEC6 /* TvingCloneCoding */,
				C0E462BE29E6F646005CCEC6 /* Products */,
			);
			sourceTree = "<group>";
		};
		C0E462BE29E6F646005CCEC6 /* Products */ = {
			isa = PBXGroup;
			children = (
				C0E462BD29E6F646005CCEC6 /* TvingCloneCoding.app */,
			);
			name = Products;
			sourceTree = "<group>";
		};
		C0E462BF29E6F646005CCEC6 /* TvingCloneCoding */ = {
			isa = PBXGroup;
			children = (
				C0E4630129E7CE40005CCEC6 /* Source */,
				C0E462D429E6F9DB005CCEC6 /* Resource */,
				C0E462CB29E6F647005CCEC6 /* LaunchScreen.storyboard */,
				C0E462CE29E6F647005CCEC6 /* Info.plist */,
			);
			path = TvingCloneCoding;
			sourceTree = "<group>";
		};
		C0E462D429E6F9DB005CCEC6 /* Resource */ = {
			isa = PBXGroup;
			children = (
				C0E462C929E6F647005CCEC6 /* Assets.xcassets */,
				C0E462D529E6F9E1005CCEC6 /* Fonts */,
			);
			path = Resource;
			sourceTree = "<group>";
		};
		C0E462D529E6F9E1005CCEC6 /* Fonts */ = {
			isa = PBXGroup;
			children = (
				C0E4631629E7D5D1005CCEC6 /* Pretendard-Bold.ttf */,
				C0E4631329E7D5D0005CCEC6 /* Pretendard-ExtraLight.ttf */,
				C0E4631529E7D5D1005CCEC6 /* Pretendard-Light.ttf */,
				C0E4631429E7D5D0005CCEC6 /* Pretendard-Medium.ttf */,
				C0E4631029E7D5D0005CCEC6 /* Pretendard-Regular.ttf */,
				C0E4630E29E7D5D0005CCEC6 /* Pretendard-SemiBold.ttf */,
				C0E4631229E7D5D0005CCEC6 /* Pretendard-Thin.ttf */,
			);
			path = Fonts;
			sourceTree = "<group>";
		};
		C0E462D629E6FA01005CCEC6 /* DesignSystem */ = {
			isa = PBXGroup;
			children = (
				C0E462D829E6FA15005CCEC6 /* Palette */,
				C0E462D729E6FA0A005CCEC6 /* Fonts */,
			);
			path = DesignSystem;
			sourceTree = "<group>";
		};
		C0E462D729E6FA0A005CCEC6 /* Fonts */ = {
			isa = PBXGroup;
			children = (
				C0E462EB29E6FB2F005CCEC6 /* Font.swift */,
			);
			path = Fonts;
			sourceTree = "<group>";
		};
		C0E462D829E6FA15005CCEC6 /* Palette */ = {
			isa = PBXGroup;
			children = (
				C0E462F229E6FD7C005CCEC6 /* Palette.swift */,
			);
			path = Palette;
			sourceTree = "<group>";
		};
		C0E462ED29E6FC50005CCEC6 /* Extenstions */ = {
			isa = PBXGroup;
			children = (
				C0E462EE29E6FC68005CCEC6 /* UIFont+.swift */,
				C0E462F029E6FD66005CCEC6 /* UIColor+.swift */,
				C0E462F429E7037A005CCEC6 /* CGColor+.swift */,
				C0E462F629E703BC005CCEC6 /* UIView+.swift */,
				C0E462F829E703D9005CCEC6 /* String+.swift */,
				C0E462FA29E70400005CCEC6 /* UITextField+.swift */,
				C0E462FC29E70418005CCEC6 /* UIbutton+.swift */,
				C0E4630C29E7D1AC005CCEC6 /* UIImage+.swift */,
				C00C0EDF29EA9294002C4D14 /* CGFloat+.swift */,
				C00C0EE429EAA016002C4D14 /* UIViewController+.swift */,
				C0A9FEB229FA285800B89AC7 /* UIControl+.swift */,
				C0A9FEF229FBEB0300B89AC7 /* UILabel+.swift */,
				C09E97212A02B5E900475DDC /* UIScrollView+.swift */,
				C09E97232A02B63E00475DDC /* Array+.swift */,
				C09E97252A02B65600475DDC /* Timer+.swift */,
				C09E97272A02B68900475DDC /* UICollectionView+.swift */,
			);
			path = Extenstions;
			sourceTree = "<group>";
		};
		C0E4630129E7CE40005CCEC6 /* Source */ = {
			isa = PBXGroup;
			children = (
				C09E96EB2A0179AE00475DDC /* Data */,
				C0E4630429E7CE84005CCEC6 /* Presenter */,
				C0E462D629E6FA01005CCEC6 /* DesignSystem */,
				C0E4630329E7CE69005CCEC6 /* Utility */,
				C0E4630229E7CE4A005CCEC6 /* App */,
			);
			path = Source;
			sourceTree = "<group>";
		};
		C0E4630229E7CE4A005CCEC6 /* App */ = {
			isa = PBXGroup;
			children = (
				C0E462C029E6F646005CCEC6 /* AppDelegate.swift */,
				C0E462C229E6F646005CCEC6 /* SceneDelegate.swift */,
			);
			path = App;
			sourceTree = "<group>";
		};
		C0E4630329E7CE69005CCEC6 /* Utility */ = {
			isa = PBXGroup;
			children = (
				C09E96E42A015A5A00475DDC /* Menu */,
				C0A9FEEF29FABCCF00B89AC7 /* Protocol */,
				C00C0EE129EA92E9002C4D14 /* BottomSheet */,
				C0E4632C29E814D7005CCEC6 /* ImageView */,
				C0E4632729E80EF2005CCEC6 /* Label */,
				C0E4632429E80D00005CCEC6 /* Button */,
				C0E4630929E7D064005CCEC6 /* Constants */,
				C0E4630629E7CF11005CCEC6 /* TextField */,
				C0E462ED29E6FC50005CCEC6 /* Extenstions */,
			);
			path = Utility;
			sourceTree = "<group>";
		};
		C0E4630429E7CE84005CCEC6 /* Presenter */ = {
			isa = PBXGroup;
			children = (
				C0A9FEE429FAAE0F00B89AC7 /* Home */,
				C0A9FEB429FA2A4200B89AC7 /* Setting */,
				C0E4630529E7CE91005CCEC6 /* Login */,
			);
			path = Presenter;
			sourceTree = "<group>";
		};
		C0E4630529E7CE91005CCEC6 /* Login */ = {
			isa = PBXGroup;
			children = (
				C0E4632B29E810A4005CCEC6 /* View */,
				C0E4632A29E8109F005CCEC6 /* ViewController */,
			);
			path = Login;
			sourceTree = "<group>";
		};
		C0E4630629E7CF11005CCEC6 /* TextField */ = {
			isa = PBXGroup;
			children = (
				C0E4630729E7CF22005CCEC6 /* TvingTextField.swift */,
			);
			path = TextField;
			sourceTree = "<group>";
		};
		C0E4630929E7D064005CCEC6 /* Constants */ = {
			isa = PBXGroup;
			children = (
				C09E96FB2A017BEB00475DDC /* Enum */,
				C09E96EC2A017A3300475DDC /* Model */,
				C0E4630A29E7D087005CCEC6 /* Constant.swift */,
				C09E96EF2A017A6B00475DDC /* TypeAlias.swift */,
			);
			path = Constants;
			sourceTree = "<group>";
		};
		C0E4632429E80D00005CCEC6 /* Button */ = {
			isa = PBXGroup;
			children = (
				C0E4632529E80D28005CCEC6 /* TvingRectangleButton.swift */,
			);
			path = Button;
			sourceTree = "<group>";
		};
		C0E4632729E80EF2005CCEC6 /* Label */ = {
			isa = PBXGroup;
			children = (
				C0E4632829E80F00005CCEC6 /* TvingLabel.swift */,
			);
			path = Label;
			sourceTree = "<group>";
		};
		C0E4632A29E8109F005CCEC6 /* ViewController */ = {
			isa = PBXGroup;
			children = (
				C0E4632229E8081C005CCEC6 /* LoginCompletedViewController.swift */,
				C0E462C429E6F646005CCEC6 /* LoginViewController.swift */,
				C00C0EDD29EA881A002C4D14 /* LoginNicknameBottomSheetViewController.swift */,
			);
			path = ViewController;
			sourceTree = "<group>";
		};
		C0E4632B29E810A4005CCEC6 /* View */ = {
			isa = PBXGroup;
			children = (
				C0E4632029E80056005CCEC6 /* LoginSettingView.swift */,
			);
			path = View;
			sourceTree = "<group>";
		};
		C0E4632C29E814D7005CCEC6 /* ImageView */ = {
			isa = PBXGroup;
			children = (
				C0E4632D29E814E2005CCEC6 /* TvingImageView.swift */,
			);
			path = ImageView;
			sourceTree = "<group>";
		};
/* End PBXGroup section */

/* Begin PBXNativeTarget section */
		C0E462BC29E6F646005CCEC6 /* TvingCloneCoding */ = {
			isa = PBXNativeTarget;
			buildConfigurationList = C0E462D129E6F647005CCEC6 /* Build configuration list for PBXNativeTarget "TvingCloneCoding" */;
			buildPhases = (
				C0E462B929E6F646005CCEC6 /* Sources */,
				C0E462BA29E6F646005CCEC6 /* Frameworks */,
				C0E462BB29E6F646005CCEC6 /* Resources */,
			);
			buildRules = (
			);
			dependencies = (
			);
			name = TvingCloneCoding;
			packageProductDependencies = (
				C0E462FF29E7043B005CCEC6 /* SnapKit */,
			);
			productName = TvingCloneCoding;
			productReference = C0E462BD29E6F646005CCEC6 /* TvingCloneCoding.app */;
			productType = "com.apple.product-type.application";
		};
/* End PBXNativeTarget section */

/* Begin PBXProject section */
		C0E462B529E6F646005CCEC6 /* Project object */ = {
			isa = PBXProject;
			attributes = {
				BuildIndependentTargetsInParallel = 1;
				LastSwiftUpdateCheck = 1430;
				LastUpgradeCheck = 1430;
				TargetAttributes = {
					C0E462BC29E6F646005CCEC6 = {
						CreatedOnToolsVersion = 14.3;
					};
				};
			};
			buildConfigurationList = C0E462B829E6F646005CCEC6 /* Build configuration list for PBXProject "TvingCloneCoding" */;
			compatibilityVersion = "Xcode 14.0";
			developmentRegion = en;
			hasScannedForEncodings = 0;
			knownRegions = (
				en,
				Base,
			);
			mainGroup = C0E462B429E6F646005CCEC6;
			packageReferences = (
				C0E462FE29E7043B005CCEC6 /* XCRemoteSwiftPackageReference "SnapKit" */,
			);
			productRefGroup = C0E462BE29E6F646005CCEC6 /* Products */;
			projectDirPath = "";
			projectRoot = "";
			targets = (
				C0E462BC29E6F646005CCEC6 /* TvingCloneCoding */,
			);
		};
/* End PBXProject section */

/* Begin PBXResourcesBuildPhase section */
		C0E462BB29E6F646005CCEC6 /* Resources */ = {
			isa = PBXResourcesBuildPhase;
			buildActionMask = 2147483647;
			files = (
				C0E4631729E7D5D1005CCEC6 /* Pretendard-SemiBold.ttf in Resources */,
				C0E462CD29E6F647005CCEC6 /* LaunchScreen.storyboard in Resources */,
				C0E4631929E7D5D1005CCEC6 /* Pretendard-Regular.ttf in Resources */,
				C0E462CA29E6F647005CCEC6 /* Assets.xcassets in Resources */,
				C0E4631B29E7D5D1005CCEC6 /* Pretendard-Thin.ttf in Resources */,
				C0E4631C29E7D5D1005CCEC6 /* Pretendard-ExtraLight.ttf in Resources */,
				C0E4631E29E7D5D1005CCEC6 /* Pretendard-Light.ttf in Resources */,
				C0E4631D29E7D5D1005CCEC6 /* Pretendard-Medium.ttf in Resources */,
				C0E4631F29E7D5D1005CCEC6 /* Pretendard-Bold.ttf in Resources */,
			);
			runOnlyForDeploymentPostprocessing = 0;
		};
/* End PBXResourcesBuildPhase section */

/* Begin PBXSourcesBuildPhase section */
		C0E462B929E6F646005CCEC6 /* Sources */ = {
			isa = PBXSourcesBuildPhase;
			buildActionMask = 2147483647;
			files = (
				C0A9FEEE29FAB4B000B89AC7 /* SettingViewController.swift in Sources */,
				C09E97312A02C21300475DDC /* MustWatchCollectionViewCell.swift in Sources */,
				C0E4630829E7CF22005CCEC6 /* TvingTextField.swift in Sources */,
				C0A9FEF129FABD1500B89AC7 /* TableViewCellReuseProtocol.swift in Sources */,
				C0E462EC29E6FB2F005CCEC6 /* Font.swift in Sources */,
				C00C0EE529EAA016002C4D14 /* UIViewController+.swift in Sources */,
				C09E96F82A017BB800475DDC /* MainViewData.swift in Sources */,
				C09E96DB2A014FFC00475DDC /* TotalViewController.swift in Sources */,
				C09E972F2A02C1FB00475DDC /* FamousLiveChannelCollectionViewCell.swift in Sources */,
				C09E97222A02B5E900475DDC /* UIScrollView+.swift in Sources */,
				C0A9FEF529FBEF2000B89AC7 /* SettingHeaderView.swift in Sources */,
				C09E96F22A017AAF00475DDC /* CarueselPoster.swift in Sources */,
				C09E972C2A02BE6800475DDC /* CaruselCollectionViewCell.swift in Sources */,
				C0E462C529E6F646005CCEC6 /* LoginViewController.swift in Sources */,
				C0E4632129E80056005CCEC6 /* LoginSettingView.swift in Sources */,
				C00C0EE029EA9294002C4D14 /* CGFloat+.swift in Sources */,
				C09E97242A02B63E00475DDC /* Array+.swift in Sources */,
				C0E462F929E703D9005CCEC6 /* String+.swift in Sources */,
				C0E4632E29E814E3005CCEC6 /* TvingImageView.swift in Sources */,
				C09E96E82A015A9200475DDC /* MenuItemDelegate.swift in Sources */,
				C0E462FB29E70400005CCEC6 /* UITextField+.swift in Sources */,
				C0E4632929E80F00005CCEC6 /* TvingLabel.swift in Sources */,
				C09E97282A02B68900475DDC /* UICollectionView+.swift in Sources */,
				C09E97352A02C23E00475DDC /* RankingCollectionViewCell.swift in Sources */,
				C0A9FEFA29FBF08300B89AC7 /* SettingProfileView.swift in Sources */,
				C0A9FEF329FBEB0300B89AC7 /* UILabel+.swift in Sources */,
				C0E462EF29E6FC68005CCEC6 /* UIFont+.swift in Sources */,
				C0E4632329E8081C005CCEC6 /* LoginCompletedViewController.swift in Sources */,
				C0E462C129E6F646005CCEC6 /* AppDelegate.swift in Sources */,
				C09E971E2A02B45C00475DDC /* CarouselView.swift in Sources */,
				C0A9FEB329FA285800B89AC7 /* UIControl+.swift in Sources */,
				C0E4630B29E7D087005CCEC6 /* Constant.swift in Sources */,
				C0E4632629E80D28005CCEC6 /* TvingRectangleButton.swift in Sources */,
				C00C0EE329EA9302002C4D14 /* TvingBottomSheet.swift in Sources */,
				C09E96FA2A017BDB00475DDC /* ListSection.swift in Sources */,
				C00C0EDE29EA881A002C4D14 /* LoginNicknameBottomSheetViewController.swift in Sources */,
				C0E462C329E6F646005CCEC6 /* SceneDelegate.swift in Sources */,
				C09E96DD2A01500B00475DDC /* TvProgramViewController.swift in Sources */,
				C0E462F529E7037A005CCEC6 /* CGColor+.swift in Sources */,
				C09E96EE2A017A4C00475DDC /* MenuPageType.swift in Sources */,
				C0E462F729E703BC005CCEC6 /* UIView+.swift in Sources */,
				C09E97332A02C22C00475DDC /* QuickVODCollectionViewCell.swift in Sources */,
				C09E973B2A02C53500475DDC /* PosterType.swift in Sources */,
				C0E462F129E6FD67005CCEC6 /* UIColor+.swift in Sources */,
				C0A9FEF729FBEF2D00B89AC7 /* SettingFooterView.swift in Sources */,
				C09E97262A02B65600475DDC /* Timer+.swift in Sources */,
				C09E96F62A017B8100475DDC /* VideoInfo.swift in Sources */,
				C09E97372A02C25100475DDC /* WatchingCollectionViewCell.swift in Sources */,
				C0E4630D29E7D1AC005CCEC6 /* UIImage+.swift in Sources */,
				C0E462F329E6FD7C005CCEC6 /* Palette.swift in Sources */,
				C09E96DF2A01501600475DDC /* MovieViewController.swift in Sources */,
				C09E97392A02C26E00475DDC /* CarueslHeaderView.swift in Sources */,
				C0A9FEEA29FAAE3900B89AC7 /* MainViewController.swift in Sources */,
				C09E96E32A01503400475DDC /* KidViewController.swift in Sources */,
				C09E96E12A01502200475DDC /* ParamountViewController.swift in Sources */,
				C0E462FD29E70418005CCEC6 /* UIbutton+.swift in Sources */,
				C09E96D92A014FE600475DDC /* RealTimeViewController.swift in Sources */,
				C09E96EA2A015C0400475DDC /* TvingMenuCollectionViewCell.swift in Sources */,
				C09E96F02A017A6B00475DDC /* TypeAlias.swift in Sources */,
				C09E96E62A015A6F00475DDC /* TvingMenuBar.swift in Sources */,
			);
			runOnlyForDeploymentPostprocessing = 0;
		};
/* End PBXSourcesBuildPhase section */

/* Begin PBXVariantGroup section */
		C0E462CB29E6F647005CCEC6 /* LaunchScreen.storyboard */ = {
			isa = PBXVariantGroup;
			children = (
				C0E462CC29E6F647005CCEC6 /* Base */,
			);
			name = LaunchScreen.storyboard;
			sourceTree = "<group>";
		};
/* End PBXVariantGroup section */

/* Begin XCBuildConfiguration section */
		C0E462CF29E6F647005CCEC6 /* Debug */ = {
			isa = XCBuildConfiguration;
			buildSettings = {
				ALWAYS_SEARCH_USER_PATHS = NO;
				CLANG_ANALYZER_NONNULL = YES;
				CLANG_ANALYZER_NUMBER_OBJECT_CONVERSION = YES_AGGRESSIVE;
				CLANG_CXX_LANGUAGE_STANDARD = "gnu++20";
				CLANG_ENABLE_MODULES = YES;
				CLANG_ENABLE_OBJC_ARC = YES;
				CLANG_ENABLE_OBJC_WEAK = YES;
				CLANG_WARN_BLOCK_CAPTURE_AUTORELEASING = YES;
				CLANG_WARN_BOOL_CONVERSION = YES;
				CLANG_WARN_COMMA = YES;
				CLANG_WARN_CONSTANT_CONVERSION = YES;
				CLANG_WARN_DEPRECATED_OBJC_IMPLEMENTATIONS = YES;
				CLANG_WARN_DIRECT_OBJC_ISA_USAGE = YES_ERROR;
				CLANG_WARN_DOCUMENTATION_COMMENTS = YES;
				CLANG_WARN_EMPTY_BODY = YES;
				CLANG_WARN_ENUM_CONVERSION = YES;
				CLANG_WARN_INFINITE_RECURSION = YES;
				CLANG_WARN_INT_CONVERSION = YES;
				CLANG_WARN_NON_LITERAL_NULL_CONVERSION = YES;
				CLANG_WARN_OBJC_IMPLICIT_RETAIN_SELF = YES;
				CLANG_WARN_OBJC_LITERAL_CONVERSION = YES;
				CLANG_WARN_OBJC_ROOT_CLASS = YES_ERROR;
				CLANG_WARN_QUOTED_INCLUDE_IN_FRAMEWORK_HEADER = YES;
				CLANG_WARN_RANGE_LOOP_ANALYSIS = YES;
				CLANG_WARN_STRICT_PROTOTYPES = YES;
				CLANG_WARN_SUSPICIOUS_MOVE = YES;
				CLANG_WARN_UNGUARDED_AVAILABILITY = YES_AGGRESSIVE;
				CLANG_WARN_UNREACHABLE_CODE = YES;
				CLANG_WARN__DUPLICATE_METHOD_MATCH = YES;
				COPY_PHASE_STRIP = NO;
				DEBUG_INFORMATION_FORMAT = dwarf;
				ENABLE_STRICT_OBJC_MSGSEND = YES;
				ENABLE_TESTABILITY = YES;
				GCC_C_LANGUAGE_STANDARD = gnu11;
				GCC_DYNAMIC_NO_PIC = NO;
				GCC_NO_COMMON_BLOCKS = YES;
				GCC_OPTIMIZATION_LEVEL = 0;
				GCC_PREPROCESSOR_DEFINITIONS = (
					"DEBUG=1",
					"$(inherited)",
				);
				GCC_WARN_64_TO_32_BIT_CONVERSION = YES;
				GCC_WARN_ABOUT_RETURN_TYPE = YES_ERROR;
				GCC_WARN_UNDECLARED_SELECTOR = YES;
				GCC_WARN_UNINITIALIZED_AUTOS = YES_AGGRESSIVE;
				GCC_WARN_UNUSED_FUNCTION = YES;
				GCC_WARN_UNUSED_VARIABLE = YES;
				IPHONEOS_DEPLOYMENT_TARGET = 16.4;
				MTL_ENABLE_DEBUG_INFO = INCLUDE_SOURCE;
				MTL_FAST_MATH = YES;
				ONLY_ACTIVE_ARCH = YES;
				SDKROOT = iphoneos;
				SWIFT_ACTIVE_COMPILATION_CONDITIONS = DEBUG;
				SWIFT_OPTIMIZATION_LEVEL = "-Onone";
			};
			name = Debug;
		};
		C0E462D029E6F647005CCEC6 /* Release */ = {
			isa = XCBuildConfiguration;
			buildSettings = {
				ALWAYS_SEARCH_USER_PATHS = NO;
				CLANG_ANALYZER_NONNULL = YES;
				CLANG_ANALYZER_NUMBER_OBJECT_CONVERSION = YES_AGGRESSIVE;
				CLANG_CXX_LANGUAGE_STANDARD = "gnu++20";
				CLANG_ENABLE_MODULES = YES;
				CLANG_ENABLE_OBJC_ARC = YES;
				CLANG_ENABLE_OBJC_WEAK = YES;
				CLANG_WARN_BLOCK_CAPTURE_AUTORELEASING = YES;
				CLANG_WARN_BOOL_CONVERSION = YES;
				CLANG_WARN_COMMA = YES;
				CLANG_WARN_CONSTANT_CONVERSION = YES;
				CLANG_WARN_DEPRECATED_OBJC_IMPLEMENTATIONS = YES;
				CLANG_WARN_DIRECT_OBJC_ISA_USAGE = YES_ERROR;
				CLANG_WARN_DOCUMENTATION_COMMENTS = YES;
				CLANG_WARN_EMPTY_BODY = YES;
				CLANG_WARN_ENUM_CONVERSION = YES;
				CLANG_WARN_INFINITE_RECURSION = YES;
				CLANG_WARN_INT_CONVERSION = YES;
				CLANG_WARN_NON_LITERAL_NULL_CONVERSION = YES;
				CLANG_WARN_OBJC_IMPLICIT_RETAIN_SELF = YES;
				CLANG_WARN_OBJC_LITERAL_CONVERSION = YES;
				CLANG_WARN_OBJC_ROOT_CLASS = YES_ERROR;
				CLANG_WARN_QUOTED_INCLUDE_IN_FRAMEWORK_HEADER = YES;
				CLANG_WARN_RANGE_LOOP_ANALYSIS = YES;
				CLANG_WARN_STRICT_PROTOTYPES = YES;
				CLANG_WARN_SUSPICIOUS_MOVE = YES;
				CLANG_WARN_UNGUARDED_AVAILABILITY = YES_AGGRESSIVE;
				CLANG_WARN_UNREACHABLE_CODE = YES;
				CLANG_WARN__DUPLICATE_METHOD_MATCH = YES;
				COPY_PHASE_STRIP = NO;
				DEBUG_INFORMATION_FORMAT = "dwarf-with-dsym";
				ENABLE_NS_ASSERTIONS = NO;
				ENABLE_STRICT_OBJC_MSGSEND = YES;
				GCC_C_LANGUAGE_STANDARD = gnu11;
				GCC_NO_COMMON_BLOCKS = YES;
				GCC_WARN_64_TO_32_BIT_CONVERSION = YES;
				GCC_WARN_ABOUT_RETURN_TYPE = YES_ERROR;
				GCC_WARN_UNDECLARED_SELECTOR = YES;
				GCC_WARN_UNINITIALIZED_AUTOS = YES_AGGRESSIVE;
				GCC_WARN_UNUSED_FUNCTION = YES;
				GCC_WARN_UNUSED_VARIABLE = YES;
				IPHONEOS_DEPLOYMENT_TARGET = 16.4;
				MTL_ENABLE_DEBUG_INFO = NO;
				MTL_FAST_MATH = YES;
				SDKROOT = iphoneos;
				SWIFT_COMPILATION_MODE = wholemodule;
				SWIFT_OPTIMIZATION_LEVEL = "-O";
				VALIDATE_PRODUCT = YES;
			};
			name = Release;
		};
		C0E462D229E6F647005CCEC6 /* Debug */ = {
			isa = XCBuildConfiguration;
			buildSettings = {
				ASSETCATALOG_COMPILER_APPICON_NAME = AppIcon;
				ASSETCATALOG_COMPILER_GLOBAL_ACCENT_COLOR_NAME = AccentColor;
				CODE_SIGN_STYLE = Automatic;
				CURRENT_PROJECT_VERSION = 1;
				DEVELOPMENT_TEAM = Z225784MRD;
				GENERATE_INFOPLIST_FILE = YES;
				INFOPLIST_FILE = TvingCloneCoding/Info.plist;
				INFOPLIST_KEY_UIApplicationSupportsIndirectInputEvents = YES;
				INFOPLIST_KEY_UILaunchStoryboardName = LaunchScreen;
				INFOPLIST_KEY_UIStatusBarStyle = "";
				INFOPLIST_KEY_UISupportedInterfaceOrientations_iPad = "UIInterfaceOrientationPortrait UIInterfaceOrientationPortraitUpsideDown UIInterfaceOrientationLandscapeLeft UIInterfaceOrientationLandscapeRight";
				INFOPLIST_KEY_UISupportedInterfaceOrientations_iPhone = "UIInterfaceOrientationPortrait UIInterfaceOrientationLandscapeLeft UIInterfaceOrientationLandscapeRight";
				LD_RUNPATH_SEARCH_PATHS = (
					"$(inherited)",
					"@executable_path/Frameworks",
				);
				MARKETING_VERSION = 1.0;
				PRODUCT_BUNDLE_IDENTIFIER = uikit.TvingCloneCoding;
				PRODUCT_NAME = "$(TARGET_NAME)";
				SWIFT_EMIT_LOC_STRINGS = YES;
				SWIFT_VERSION = 5.0;
				TARGETED_DEVICE_FAMILY = "1,2";
			};
			name = Debug;
		};
		C0E462D329E6F647005CCEC6 /* Release */ = {
			isa = XCBuildConfiguration;
			buildSettings = {
				ASSETCATALOG_COMPILER_APPICON_NAME = AppIcon;
				ASSETCATALOG_COMPILER_GLOBAL_ACCENT_COLOR_NAME = AccentColor;
				CODE_SIGN_STYLE = Automatic;
				CURRENT_PROJECT_VERSION = 1;
				DEVELOPMENT_TEAM = Z225784MRD;
				GENERATE_INFOPLIST_FILE = YES;
				INFOPLIST_FILE = TvingCloneCoding/Info.plist;
				INFOPLIST_KEY_UIApplicationSupportsIndirectInputEvents = YES;
				INFOPLIST_KEY_UILaunchStoryboardName = LaunchScreen;
				INFOPLIST_KEY_UIStatusBarStyle = "";
				INFOPLIST_KEY_UISupportedInterfaceOrientations_iPad = "UIInterfaceOrientationPortrait UIInterfaceOrientationPortraitUpsideDown UIInterfaceOrientationLandscapeLeft UIInterfaceOrientationLandscapeRight";
				INFOPLIST_KEY_UISupportedInterfaceOrientations_iPhone = "UIInterfaceOrientationPortrait UIInterfaceOrientationLandscapeLeft UIInterfaceOrientationLandscapeRight";
				LD_RUNPATH_SEARCH_PATHS = (
					"$(inherited)",
					"@executable_path/Frameworks",
				);
				MARKETING_VERSION = 1.0;
				PRODUCT_BUNDLE_IDENTIFIER = uikit.TvingCloneCoding;
				PRODUCT_NAME = "$(TARGET_NAME)";
				SWIFT_EMIT_LOC_STRINGS = YES;
				SWIFT_VERSION = 5.0;
				TARGETED_DEVICE_FAMILY = "1,2";
			};
			name = Release;
		};
/* End XCBuildConfiguration section */

/* Begin XCConfigurationList section */
		C0E462B829E6F646005CCEC6 /* Build configuration list for PBXProject "TvingCloneCoding" */ = {
			isa = XCConfigurationList;
			buildConfigurations = (
				C0E462CF29E6F647005CCEC6 /* Debug */,
				C0E462D029E6F647005CCEC6 /* Release */,
			);
			defaultConfigurationIsVisible = 0;
			defaultConfigurationName = Release;
		};
		C0E462D129E6F647005CCEC6 /* Build configuration list for PBXNativeTarget "TvingCloneCoding" */ = {
			isa = XCConfigurationList;
			buildConfigurations = (
				C0E462D229E6F647005CCEC6 /* Debug */,
				C0E462D329E6F647005CCEC6 /* Release */,
			);
			defaultConfigurationIsVisible = 0;
			defaultConfigurationName = Release;
		};
/* End XCConfigurationList section */

/* Begin XCRemoteSwiftPackageReference section */
		C0E462FE29E7043B005CCEC6 /* XCRemoteSwiftPackageReference "SnapKit" */ = {
			isa = XCRemoteSwiftPackageReference;
			repositoryURL = "https://github.com/SnapKit/SnapKit";
			requirement = {
				kind = upToNextMajorVersion;
				minimumVersion = 5.0.0;
			};
		};
/* End XCRemoteSwiftPackageReference section */

/* Begin XCSwiftPackageProductDependency section */
		C0E462FF29E7043B005CCEC6 /* SnapKit */ = {
			isa = XCSwiftPackageProductDependency;
			package = C0E462FE29E7043B005CCEC6 /* XCRemoteSwiftPackageReference "SnapKit" */;
			productName = SnapKit;
		};
/* End XCSwiftPackageProductDependency section */
	};
	rootObject = C0E462B529E6F646005CCEC6 /* Project object */;
}
